// !$*UTF8*$!
{
	archiveVersion = 1;
	classes = {
	};
	objectVersion = 77;
	objects = {

/* Begin PBXBuildFile section */
		F8A1B2C32D4E5F6700000001 /* SkumringApp.swift in Sources */ = {isa = PBXBuildFile; fileRef = F8A1B2C32D4E5F6700000002 /* SkumringApp.swift */; };
		F8A1B2C32D4E5F6700000003 /* ContentView.swift in Sources */ = {isa = PBXBuildFile; fileRef = F8A1B2C32D4E5F6700000004 /* ContentView.swift */; };
		F8A1B2C32D4E5F6700000005 /* YouTubePlayerView.swift in Sources */ = {isa = PBXBuildFile; fileRef = F8A1B2C32D4E5F6700000006 /* YouTubePlayerView.swift */; };
		F8A1B2C32D4E5F6700000007 /* YouTubePlayer.swift in Sources */ = {isa = PBXBuildFile; fileRef = F8A1B2C32D4E5F6700000008 /* YouTubePlayer.swift */; };
		F8A1B2C32D4E5F6700000009 /* Assets.xcassets in Resources */ = {isa = PBXBuildFile; fileRef = F8A1B2C32D4E5F670000000A /* Assets.xcassets */; };
		F8A1B2C32D4E5F6700000020 /* AppModel.swift in Sources */ = {isa = PBXBuildFile; fileRef = F8A1B2C32D4E5F6700000021 /* AppModel.swift */; };
		F8A1B2C32D4E5F6700000022 /* LibraryItem.swift in Sources */ = {isa = PBXBuildFile; fileRef = F8A1B2C32D4E5F6700000023 /* LibraryItem.swift */; };
		F8A1B2C32D4E5F6700000024 /* LibraryItemKind.swift in Sources */ = {isa = PBXBuildFile; fileRef = F8A1B2C32D4E5F6700000025 /* LibraryItemKind.swift */; };
		F8A1B2C32D4E5F6700000026 /* LibraryItemSource.swift in Sources */ = {isa = PBXBuildFile; fileRef = F8A1B2C32D4E5F6700000027 /* LibraryItemSource.swift */; };
		F8A1B2C32D4E5F6700000028 /* Pack.swift in Sources */ = {isa = PBXBuildFile; fileRef = F8A1B2C32D4E5F6700000029 /* Pack.swift */; };
		F8A1B2C32D4E5F670000002A /* Playlist.swift in Sources */ = {isa = PBXBuildFile; fileRef = F8A1B2C32D4E5F670000002B /* Playlist.swift */; };
		F8A1B2C32D4E5F670000002C /* RepeatMode.swift in Sources */ = {isa = PBXBuildFile; fileRef = F8A1B2C32D4E5F670000002D /* RepeatMode.swift */; };
		F8A1B2C32D4E5F670000002E /* ShuffleMode.swift in Sources */ = {isa = PBXBuildFile; fileRef = F8A1B2C32D4E5F670000002F /* ShuffleMode.swift */; };
		F8A1B2C32D4E5F6700000030 /* HealthStatus.swift in Sources */ = {isa = PBXBuildFile; fileRef = F8A1B2C32D4E5F6700000031 /* HealthStatus.swift */; };
		F8A1B2C32D4E5F6700000032 /* LibraryStore.swift in Sources */ = {isa = PBXBuildFile; fileRef = F8A1B2C32D4E5F6700000033 /* LibraryStore.swift */; };
		F8A1B2C32D4E5F6700000036 /* SidebarItem.swift in Sources */ = {isa = PBXBuildFile; fileRef = F8A1B2C32D4E5F6700000037 /* SidebarItem.swift */; };
		F8A1B2C32D4E5F6700000038 /* PlaybackState.swift in Sources */ = {isa = PBXBuildFile; fileRef = F8A1B2C32D4E5F6700000039 /* PlaybackState.swift */; };
		F8A1B2C32D4E5F670000003A /* PlaybackBackend.swift in Sources */ = {isa = PBXBuildFile; fileRef = F8A1B2C32D4E5F670000003B /* PlaybackBackend.swift */; };
		F8A1B2C32D4E5F670000003C /* AVPlaybackBackend.swift in Sources */ = {isa = PBXBuildFile; fileRef = F8A1B2C32D4E5F670000003D /* AVPlaybackBackend.swift */; };
		F8A1B2C32D4E5F670000003E /* PlaybackController.swift in Sources */ = {isa = PBXBuildFile; fileRef = F8A1B2C32D4E5F670000003F /* PlaybackController.swift */; };
		F8A1B2C32D4E5F6700000040 /* StreamResolver.swift in Sources */ = {isa = PBXBuildFile; fileRef = F8A1B2C32D4E5F6700000041 /* StreamResolver.swift */; };
		F8A1B2C32D4E5F6700000042 /* SidebarView.swift in Sources */ = {isa = PBXBuildFile; fileRef = F8A1B2C32D4E5F6700000043 /* SidebarView.swift */; };
		F8A1B2C32D4E5F6700000045 /* MainContentView.swift in Sources */ = {isa = PBXBuildFile; fileRef = F8A1B2C32D4E5F6700000046 /* MainContentView.swift */; };
		F8A1B2C32D4E5F6700000050 /* LibraryView.swift in Sources */ = {isa = PBXBuildFile; fileRef = F8A1B2C32D4E5F6700000051 /* LibraryView.swift */; };
		F8A1B2C32D4E5F6700000052 /* LibraryItemCard.swift in Sources */ = {isa = PBXBuildFile; fileRef = F8A1B2C32D4E5F6700000053 /* LibraryItemCard.swift */; };
		F8A1B2C32D4E5F6700000054 /* LibraryGridView.swift in Sources */ = {isa = PBXBuildFile; fileRef = F8A1B2C32D4E5F6700000055 /* LibraryGridView.swift */; };
		F8A1B2C32D4E5F6700000056 /* LibraryItemRow.swift in Sources */ = {isa = PBXBuildFile; fileRef = F8A1B2C32D4E5F6700000057 /* LibraryItemRow.swift */; };
		F8A1B2C32D4E5F6700000058 /* LibraryListView.swift in Sources */ = {isa = PBXBuildFile; fileRef = F8A1B2C32D4E5F6700000059 /* LibraryListView.swift */; };
		F8A1B2C32D4E5F6700000060 /* NowPlayingBar.swift in Sources */ = {isa = PBXBuildFile; fileRef = F8A1B2C32D4E5F6700000061 /* NowPlayingBar.swift */; };
/* End PBXBuildFile section */

/* Begin PBXFileReference section */
		F8A1B2C32D4E5F6700000002 /* SkumringApp.swift */ = {isa = PBXFileReference; lastKnownFileType = sourcecode.swift; path = SkumringApp.swift; sourceTree = "<group>"; };
		F8A1B2C32D4E5F6700000004 /* ContentView.swift */ = {isa = PBXFileReference; lastKnownFileType = sourcecode.swift; path = ContentView.swift; sourceTree = "<group>"; };
		F8A1B2C32D4E5F6700000006 /* YouTubePlayerView.swift */ = {isa = PBXFileReference; lastKnownFileType = sourcecode.swift; path = YouTubePlayerView.swift; sourceTree = "<group>"; };
		F8A1B2C32D4E5F6700000008 /* YouTubePlayer.swift */ = {isa = PBXFileReference; lastKnownFileType = sourcecode.swift; path = YouTubePlayer.swift; sourceTree = "<group>"; };
		F8A1B2C32D4E5F670000000A /* Assets.xcassets */ = {isa = PBXFileReference; lastKnownFileType = folder.assetcatalog; path = Assets.xcassets; sourceTree = "<group>"; };
		F8A1B2C32D4E5F670000000B /* Skumring.app */ = {isa = PBXFileReference; explicitFileType = wrapper.application; includeInIndex = 0; path = Skumring.app; sourceTree = BUILT_PRODUCTS_DIR; };
		F8A1B2C32D4E5F670000000C /* Info.plist */ = {isa = PBXFileReference; lastKnownFileType = text.plist.xml; path = Info.plist; sourceTree = "<group>"; };
		F8A1B2C32D4E5F670000000D /* Skumring.entitlements */ = {isa = PBXFileReference; lastKnownFileType = text.plist.entitlements; path = Skumring.entitlements; sourceTree = "<group>"; };
		F8A1B2C32D4E5F6700000021 /* AppModel.swift */ = {isa = PBXFileReference; lastKnownFileType = sourcecode.swift; path = AppModel.swift; sourceTree = "<group>"; };
		F8A1B2C32D4E5F6700000023 /* LibraryItem.swift */ = {isa = PBXFileReference; lastKnownFileType = sourcecode.swift; path = LibraryItem.swift; sourceTree = "<group>"; };
		F8A1B2C32D4E5F6700000025 /* LibraryItemKind.swift */ = {isa = PBXFileReference; lastKnownFileType = sourcecode.swift; path = LibraryItemKind.swift; sourceTree = "<group>"; };
		F8A1B2C32D4E5F6700000027 /* LibraryItemSource.swift */ = {isa = PBXFileReference; lastKnownFileType = sourcecode.swift; path = LibraryItemSource.swift; sourceTree = "<group>"; };
		F8A1B2C32D4E5F6700000029 /* Pack.swift */ = {isa = PBXFileReference; lastKnownFileType = sourcecode.swift; path = Pack.swift; sourceTree = "<group>"; };
		F8A1B2C32D4E5F670000002B /* Playlist.swift */ = {isa = PBXFileReference; lastKnownFileType = sourcecode.swift; path = Playlist.swift; sourceTree = "<group>"; };
		F8A1B2C32D4E5F670000002D /* RepeatMode.swift */ = {isa = PBXFileReference; lastKnownFileType = sourcecode.swift; path = RepeatMode.swift; sourceTree = "<group>"; };
		F8A1B2C32D4E5F670000002F /* ShuffleMode.swift */ = {isa = PBXFileReference; lastKnownFileType = sourcecode.swift; path = ShuffleMode.swift; sourceTree = "<group>"; };
		F8A1B2C32D4E5F6700000031 /* HealthStatus.swift */ = {isa = PBXFileReference; lastKnownFileType = sourcecode.swift; path = HealthStatus.swift; sourceTree = "<group>"; };
		F8A1B2C32D4E5F6700000033 /* LibraryStore.swift */ = {isa = PBXFileReference; lastKnownFileType = sourcecode.swift; path = LibraryStore.swift; sourceTree = "<group>"; };
		F8A1B2C32D4E5F6700000037 /* SidebarItem.swift */ = {isa = PBXFileReference; lastKnownFileType = sourcecode.swift; path = SidebarItem.swift; sourceTree = "<group>"; };
		F8A1B2C32D4E5F6700000039 /* PlaybackState.swift */ = {isa = PBXFileReference; lastKnownFileType = sourcecode.swift; path = PlaybackState.swift; sourceTree = "<group>"; };
		F8A1B2C32D4E5F670000003B /* PlaybackBackend.swift */ = {isa = PBXFileReference; lastKnownFileType = sourcecode.swift; path = PlaybackBackend.swift; sourceTree = "<group>"; };
		F8A1B2C32D4E5F670000003D /* AVPlaybackBackend.swift */ = {isa = PBXFileReference; lastKnownFileType = sourcecode.swift; path = AVPlaybackBackend.swift; sourceTree = "<group>"; };
		F8A1B2C32D4E5F670000003F /* PlaybackController.swift */ = {isa = PBXFileReference; lastKnownFileType = sourcecode.swift; path = PlaybackController.swift; sourceTree = "<group>"; };
		F8A1B2C32D4E5F6700000041 /* StreamResolver.swift */ = {isa = PBXFileReference; lastKnownFileType = sourcecode.swift; path = StreamResolver.swift; sourceTree = "<group>"; };
		F8A1B2C32D4E5F6700000043 /* SidebarView.swift */ = {isa = PBXFileReference; lastKnownFileType = sourcecode.swift; path = SidebarView.swift; sourceTree = "<group>"; };
		F8A1B2C32D4E5F6700000046 /* MainContentView.swift */ = {isa = PBXFileReference; lastKnownFileType = sourcecode.swift; path = MainContentView.swift; sourceTree = "<group>"; };
		F8A1B2C32D4E5F6700000051 /* LibraryView.swift */ = {isa = PBXFileReference; lastKnownFileType = sourcecode.swift; path = LibraryView.swift; sourceTree = "<group>"; };
		F8A1B2C32D4E5F6700000053 /* LibraryItemCard.swift */ = {isa = PBXFileReference; lastKnownFileType = sourcecode.swift; path = LibraryItemCard.swift; sourceTree = "<group>"; };
		F8A1B2C32D4E5F6700000055 /* LibraryGridView.swift */ = {isa = PBXFileReference; lastKnownFileType = sourcecode.swift; path = LibraryGridView.swift; sourceTree = "<group>"; };
		F8A1B2C32D4E5F6700000057 /* LibraryItemRow.swift */ = {isa = PBXFileReference; lastKnownFileType = sourcecode.swift; path = LibraryItemRow.swift; sourceTree = "<group>"; };
		F8A1B2C32D4E5F6700000059 /* LibraryListView.swift */ = {isa = PBXFileReference; lastKnownFileType = sourcecode.swift; path = LibraryListView.swift; sourceTree = "<group>"; };
		F8A1B2C32D4E5F6700000061 /* NowPlayingBar.swift */ = {isa = PBXFileReference; lastKnownFileType = sourcecode.swift; path = NowPlayingBar.swift; sourceTree = "<group>"; };
/* End PBXFileReference section */

/* Begin PBXFrameworksBuildPhase section */
		F8A1B2C32D4E5F670000000E /* Frameworks */ = {
			isa = PBXFrameworksBuildPhase;
			buildActionMask = 2147483647;
			files = (
			);
			runOnlyForDeploymentPostprocessing = 0;
		};
/* End PBXFrameworksBuildPhase section */

/* Begin PBXGroup section */
		F8A1B2C32D4E5F670000000F /* Root */ = {
			isa = PBXGroup;
			children = (
				F8A1B2C32D4E5F6700000010 /* Skumring */,
				F8A1B2C32D4E5F6700000011 /* Products */,
			);
			sourceTree = "<group>";
		};
		F8A1B2C32D4E5F6700000010 /* Skumring */ = {
			isa = PBXGroup;
			children = (
				F8A1B2C32D4E5F6700000002 /* SkumringApp.swift */,
				F8A1B2C32D4E5F6700000021 /* AppModel.swift */,
				F8A1B2C32D4E5F6700000004 /* ContentView.swift */,
				F8A1B2C32D4E5F6700000006 /* YouTubePlayerView.swift */,
				F8A1B2C32D4E5F6700000008 /* YouTubePlayer.swift */,
				F8A1B2C32D4E5F6700000034 /* Models */,
				F8A1B2C32D4E5F6700000035 /* Services */,
				F8A1B2C32D4E5F6700000044 /* Views */,
				F8A1B2C32D4E5F670000000A /* Assets.xcassets */,
				F8A1B2C32D4E5F670000000C /* Info.plist */,
				F8A1B2C32D4E5F670000000D /* Skumring.entitlements */,
			);
			path = Skumring;
			sourceTree = "<group>";
		};
		F8A1B2C32D4E5F6700000034 /* Models */ = {
			isa = PBXGroup;
			children = (
				F8A1B2C32D4E5F6700000031 /* HealthStatus.swift */,
				F8A1B2C32D4E5F6700000023 /* LibraryItem.swift */,
				F8A1B2C32D4E5F6700000025 /* LibraryItemKind.swift */,
				F8A1B2C32D4E5F6700000027 /* LibraryItemSource.swift */,
				F8A1B2C32D4E5F6700000029 /* Pack.swift */,
				F8A1B2C32D4E5F6700000039 /* PlaybackState.swift */,
				F8A1B2C32D4E5F670000002B /* Playlist.swift */,
				F8A1B2C32D4E5F670000002D /* RepeatMode.swift */,
				F8A1B2C32D4E5F670000002F /* ShuffleMode.swift */,
				F8A1B2C32D4E5F6700000037 /* SidebarItem.swift */,
			);
			path = Models;
			sourceTree = "<group>";
		};
		F8A1B2C32D4E5F6700000035 /* Services */ = {
			isa = PBXGroup;
			children = (
				F8A1B2C32D4E5F670000003D /* AVPlaybackBackend.swift */,
				F8A1B2C32D4E5F6700000033 /* LibraryStore.swift */,
				F8A1B2C32D4E5F670000003B /* PlaybackBackend.swift */,
				F8A1B2C32D4E5F670000003F /* PlaybackController.swift */,
				F8A1B2C32D4E5F6700000041 /* StreamResolver.swift */,
			);
			path = Services;
			sourceTree = "<group>";
		};
		F8A1B2C32D4E5F6700000044 /* Views */ = {
			isa = PBXGroup;
			children = (
				F8A1B2C32D4E5F6700000055 /* LibraryGridView.swift */,
				F8A1B2C32D4E5F6700000053 /* LibraryItemCard.swift */,
				F8A1B2C32D4E5F6700000057 /* LibraryItemRow.swift */,
				F8A1B2C32D4E5F6700000059 /* LibraryListView.swift */,
				F8A1B2C32D4E5F6700000051 /* LibraryView.swift */,
				F8A1B2C32D4E5F6700000046 /* MainContentView.swift */,
				F8A1B2C32D4E5F6700000061 /* NowPlayingBar.swift */,
				F8A1B2C32D4E5F6700000043 /* SidebarView.swift */,
			);
			path = Views;
			sourceTree = "<group>";
		};
		F8A1B2C32D4E5F6700000011 /* Products */ = {
			isa = PBXGroup;
			children = (
				F8A1B2C32D4E5F670000000B /* Skumring.app */,
			);
			name = Products;
			sourceTree = "<group>";
		};
/* End PBXGroup section */

/* Begin PBXNativeTarget section */
		F8A1B2C32D4E5F6700000012 /* Skumring */ = {
			isa = PBXNativeTarget;
			buildConfigurationList = F8A1B2C32D4E5F6700000013 /* Build configuration list for PBXNativeTarget "Skumring" */;
			buildPhases = (
				F8A1B2C32D4E5F6700000014 /* Sources */,
				F8A1B2C32D4E5F670000000E /* Frameworks */,
				F8A1B2C32D4E5F6700000015 /* Resources */,
			);
			buildRules = (
			);
			dependencies = (
			);
			name = Skumring;
			productName = Skumring;
			productReference = F8A1B2C32D4E5F670000000B /* Skumring.app */;
			productType = "com.apple.product-type.application";
		};
/* End PBXNativeTarget section */

/* Begin PBXProject section */
		F8A1B2C32D4E5F6700000016 /* Project object */ = {
			isa = PBXProject;
			attributes = {
				BuildIndependentTargetsInParallel = 1;
				LastSwiftUpdateCheck = 1620;
				LastUpgradeCheck = 1620;
				TargetAttributes = {
					F8A1B2C32D4E5F6700000012 = {
						CreatedOnToolsVersion = 16.2;
					};
				};
			};
			buildConfigurationList = F8A1B2C32D4E5F6700000017 /* Build configuration list for PBXProject "Skumring" */;
			compatibilityVersion = "Xcode 15.0";
			developmentRegion = en;
			hasScannedForEncodings = 0;
			knownRegions = (
				en,
				Base,
			);
			mainGroup = F8A1B2C32D4E5F670000000F /* Root */;
			productRefGroup = F8A1B2C32D4E5F6700000011 /* Products */;
			projectDirPath = "";
			projectRoot = "";
			targets = (
				F8A1B2C32D4E5F6700000012 /* Skumring */,
			);
		};
/* End PBXProject section */

/* Begin PBXResourcesBuildPhase section */
		F8A1B2C32D4E5F6700000015 /* Resources */ = {
			isa = PBXResourcesBuildPhase;
			buildActionMask = 2147483647;
			files = (
				F8A1B2C32D4E5F6700000009 /* Assets.xcassets in Resources */,
			);
			runOnlyForDeploymentPostprocessing = 0;
		};
/* End PBXResourcesBuildPhase section */

/* Begin PBXSourcesBuildPhase section */
		F8A1B2C32D4E5F6700000014 /* Sources */ = {
			isa = PBXSourcesBuildPhase;
			buildActionMask = 2147483647;
			files = (
				F8A1B2C32D4E5F6700000001 /* SkumringApp.swift in Sources */,
				F8A1B2C32D4E5F6700000020 /* AppModel.swift in Sources */,
				F8A1B2C32D4E5F6700000003 /* ContentView.swift in Sources */,
				F8A1B2C32D4E5F6700000005 /* YouTubePlayerView.swift in Sources */,
				F8A1B2C32D4E5F6700000007 /* YouTubePlayer.swift in Sources */,
				F8A1B2C32D4E5F6700000022 /* LibraryItem.swift in Sources */,
				F8A1B2C32D4E5F6700000024 /* LibraryItemKind.swift in Sources */,
				F8A1B2C32D4E5F6700000026 /* LibraryItemSource.swift in Sources */,
				F8A1B2C32D4E5F6700000028 /* Pack.swift in Sources */,
				F8A1B2C32D4E5F670000002A /* Playlist.swift in Sources */,
				F8A1B2C32D4E5F670000002C /* RepeatMode.swift in Sources */,
				F8A1B2C32D4E5F670000002E /* ShuffleMode.swift in Sources */,
				F8A1B2C32D4E5F6700000030 /* HealthStatus.swift in Sources */,
				F8A1B2C32D4E5F6700000032 /* LibraryStore.swift in Sources */,
				F8A1B2C32D4E5F6700000036 /* SidebarItem.swift in Sources */,
				F8A1B2C32D4E5F6700000038 /* PlaybackState.swift in Sources */,
				F8A1B2C32D4E5F670000003A /* PlaybackBackend.swift in Sources */,
				F8A1B2C32D4E5F670000003C /* AVPlaybackBackend.swift in Sources */,
				F8A1B2C32D4E5F670000003E /* PlaybackController.swift in Sources */,
				F8A1B2C32D4E5F6700000040 /* StreamResolver.swift in Sources */,
				F8A1B2C32D4E5F6700000042 /* SidebarView.swift in Sources */,
				F8A1B2C32D4E5F6700000045 /* MainContentView.swift in Sources */,
				F8A1B2C32D4E5F6700000050 /* LibraryView.swift in Sources */,
				F8A1B2C32D4E5F6700000052 /* LibraryItemCard.swift in Sources */,
				F8A1B2C32D4E5F6700000054 /* LibraryGridView.swift in Sources */,
				F8A1B2C32D4E5F6700000056 /* LibraryItemRow.swift in Sources */,
				F8A1B2C32D4E5F6700000058 /* LibraryListView.swift in Sources */,
				F8A1B2C32D4E5F6700000060 /* NowPlayingBar.swift in Sources */,
			);
			runOnlyForDeploymentPostprocessing = 0;
		};
/* End PBXSourcesBuildPhase section */

/* Begin XCBuildConfiguration section */
		F8A1B2C32D4E5F6700000018 /* Debug */ = {
			isa = XCBuildConfiguration;
			buildSettings = {
				ALWAYS_SEARCH_USER_PATHS = NO;
				ASSETCATALOG_COMPILER_GENERATE_SWIFT_ASSET_SYMBOL_EXTENSIONS = YES;
				CLANG_ANALYZER_NONNULL = YES;
				CLANG_ANALYZER_NUMBER_OBJECT_CONVERSION = YES_AGGRESSIVE;
				CLANG_CXX_LANGUAGE_STANDARD = "gnu++20";
				CLANG_ENABLE_MODULES = YES;
				CLANG_ENABLE_OBJC_ARC = YES;
				CLANG_ENABLE_OBJC_WEAK = YES;
				CLANG_WARN_BLOCK_CAPTURE_AUTORELEASING = YES;
				CLANG_WARN_BOOL_CONVERSION = YES;
				CLANG_WARN_COMMA = YES;
				CLANG_WARN_CONSTANT_CONVERSION = YES;
				CLANG_WARN_DEPRECATED_OBJC_IMPLEMENTATIONS = YES;
				CLANG_WARN_DIRECT_OBJC_ISA_USAGE = YES_ERROR;
				CLANG_WARN_DOCUMENTATION_COMMENTS = YES;
				CLANG_WARN_EMPTY_BODY = YES;
				CLANG_WARN_ENUM_CONVERSION = YES;
				CLANG_WARN_INFINITE_RECURSION = YES;
				CLANG_WARN_INT_CONVERSION = YES;
				CLANG_WARN_NON_LITERAL_NULL_CONVERSION = YES;
				CLANG_WARN_OBJC_IMPLICIT_RETAIN_SELF = YES;
				CLANG_WARN_OBJC_LITERAL_CONVERSION = YES;
				CLANG_WARN_OBJC_ROOT_CLASS = YES_ERROR;
				CLANG_WARN_QUOTED_INCLUDE_IN_FRAMEWORK_HEADER = YES;
				CLANG_WARN_RANGE_LOOP_ANALYSIS = YES;
				CLANG_WARN_STRICT_PROTOTYPES = YES;
				CLANG_WARN_SUSPICIOUS_MOVE = YES;
				CLANG_WARN_UNGUARDED_AVAILABILITY = YES_AGGRESSIVE;
				CLANG_WARN_UNREACHABLE_CODE = YES;
				CLANG_WARN__DUPLICATE_METHOD_MATCH = YES;
				COPY_PHASE_STRIP = NO;
				DEBUG_INFORMATION_FORMAT = dwarf;
				ENABLE_STRICT_OBJC_MSGSEND = YES;
				ENABLE_TESTABILITY = YES;
				ENABLE_USER_SCRIPT_SANDBOXING = YES;
				GCC_C_LANGUAGE_STANDARD = gnu17;
				GCC_DYNAMIC_NO_PIC = NO;
				GCC_NO_COMMON_BLOCKS = YES;
				GCC_OPTIMIZATION_LEVEL = 0;
				GCC_PREPROCESSOR_DEFINITIONS = (
					"DEBUG=1",
					"$(inherited)",
				);
				GCC_WARN_64_TO_32_BIT_CONVERSION = YES;
				GCC_WARN_ABOUT_RETURN_TYPE = YES_ERROR;
				GCC_WARN_UNDECLARED_SELECTOR = YES;
				GCC_WARN_UNINITIALIZED_AUTOS = YES_AGGRESSIVE;
				GCC_WARN_UNUSED_FUNCTION = YES;
				GCC_WARN_UNUSED_VARIABLE = YES;
				MACOSX_DEPLOYMENT_TARGET = 26.0;
				MTL_ENABLE_DEBUG_INFO = INCLUDE_SOURCE;
				MTL_FAST_MATH = YES;
				ONLY_ACTIVE_ARCH = YES;
				SDKROOT = macosx;
				SWIFT_ACTIVE_COMPILATION_CONDITIONS = "DEBUG $(inherited)";
				SWIFT_OPTIMIZATION_LEVEL = "-Onone";
				SWIFT_VERSION = 6.0;
			};
			name = Debug;
		};
		F8A1B2C32D4E5F6700000019 /* Release */ = {
			isa = XCBuildConfiguration;
			buildSettings = {
				ALWAYS_SEARCH_USER_PATHS = NO;
				ASSETCATALOG_COMPILER_GENERATE_SWIFT_ASSET_SYMBOL_EXTENSIONS = YES;
				CLANG_ANALYZER_NONNULL = YES;
				CLANG_ANALYZER_NUMBER_OBJECT_CONVERSION = YES_AGGRESSIVE;
				CLANG_CXX_LANGUAGE_STANDARD = "gnu++20";
				CLANG_ENABLE_MODULES = YES;
				CLANG_ENABLE_OBJC_ARC = YES;
				CLANG_ENABLE_OBJC_WEAK = YES;
				CLANG_WARN_BLOCK_CAPTURE_AUTORELEASING = YES;
				CLANG_WARN_BOOL_CONVERSION = YES;
				CLANG_WARN_COMMA = YES;
				CLANG_WARN_CONSTANT_CONVERSION = YES;
				CLANG_WARN_DEPRECATED_OBJC_IMPLEMENTATIONS = YES;
				CLANG_WARN_DIRECT_OBJC_ISA_USAGE = YES_ERROR;
				CLANG_WARN_DOCUMENTATION_COMMENTS = YES;
				CLANG_WARN_EMPTY_BODY = YES;
				CLANG_WARN_ENUM_CONVERSION = YES;
				CLANG_WARN_INFINITE_RECURSION = YES;
				CLANG_WARN_INT_CONVERSION = YES;
				CLANG_WARN_NON_LITERAL_NULL_CONVERSION = YES;
				CLANG_WARN_OBJC_IMPLICIT_RETAIN_SELF = YES;
				CLANG_WARN_OBJC_LITERAL_CONVERSION = YES;
				CLANG_WARN_OBJC_ROOT_CLASS = YES_ERROR;
				CLANG_WARN_QUOTED_INCLUDE_IN_FRAMEWORK_HEADER = YES;
				CLANG_WARN_RANGE_LOOP_ANALYSIS = YES;
				CLANG_WARN_STRICT_PROTOTYPES = YES;
				CLANG_WARN_SUSPICIOUS_MOVE = YES;
				CLANG_WARN_UNGUARDED_AVAILABILITY = YES_AGGRESSIVE;
				CLANG_WARN_UNREACHABLE_CODE = YES;
				CLANG_WARN__DUPLICATE_METHOD_MATCH = YES;
				COPY_PHASE_STRIP = NO;
				DEBUG_INFORMATION_FORMAT = "dwarf-with-dsym";
				ENABLE_NS_ASSERTIONS = NO;
				ENABLE_STRICT_OBJC_MSGSEND = YES;
				ENABLE_USER_SCRIPT_SANDBOXING = YES;
				GCC_C_LANGUAGE_STANDARD = gnu17;
				GCC_NO_COMMON_BLOCKS = YES;
				GCC_WARN_64_TO_32_BIT_CONVERSION = YES;
				GCC_WARN_ABOUT_RETURN_TYPE = YES_ERROR;
				GCC_WARN_UNDECLARED_SELECTOR = YES;
				GCC_WARN_UNINITIALIZED_AUTOS = YES_AGGRESSIVE;
				GCC_WARN_UNUSED_FUNCTION = YES;
				GCC_WARN_UNUSED_VARIABLE = YES;
				MACOSX_DEPLOYMENT_TARGET = 26.0;
				MTL_ENABLE_DEBUG_INFO = NO;
				MTL_FAST_MATH = YES;
				SDKROOT = macosx;
				SWIFT_COMPILATION_MODE = wholemodule;
				SWIFT_VERSION = 6.0;
			};
			name = Release;
		};
		F8A1B2C32D4E5F670000001A /* Debug */ = {
			isa = XCBuildConfiguration;
			buildSettings = {
				ASSETCATALOG_COMPILER_APPICON_NAME = AppIcon;
				ASSETCATALOG_COMPILER_GLOBAL_ACCENT_COLOR_NAME = AccentColor;
				CODE_SIGN_ENTITLEMENTS = Skumring/Skumring.entitlements;
				CODE_SIGN_STYLE = Automatic;
				COMBINE_HIDPI_IMAGES = YES;
				CURRENT_PROJECT_VERSION = 1;
				DEVELOPMENT_TEAM = "";
				ENABLE_HARDENED_RUNTIME = YES;
				GENERATE_INFOPLIST_FILE = YES;
				INFOPLIST_FILE = Skumring/Info.plist;
				INFOPLIST_KEY_CFBundleDisplayName = Skumring;
				INFOPLIST_KEY_LSApplicationCategoryType = "public.app-category.music";
				INFOPLIST_KEY_NSHumanReadableCopyright = "";
				LD_RUNPATH_SEARCH_PATHS = (
					"$(inherited)",
					"@executable_path/../Frameworks",
				);
				MARKETING_VERSION = 0.1.0;
				PRODUCT_BUNDLE_IDENTIFIER = app.skumring.Skumring;
				PRODUCT_NAME = "$(TARGET_NAME)";
				SWIFT_EMIT_LOC_STRINGS = YES;
				SWIFT_VERSION = 6.0;
			};
			name = Debug;
		};
		F8A1B2C32D4E5F670000001B /* Release */ = {
			isa = XCBuildConfiguration;
			buildSettings = {
				ASSETCATALOG_COMPILER_APPICON_NAME = AppIcon;
				ASSETCATALOG_COMPILER_GLOBAL_ACCENT_COLOR_NAME = AccentColor;
				CODE_SIGN_ENTITLEMENTS = Skumring/Skumring.entitlements;
				CODE_SIGN_STYLE = Automatic;
				COMBINE_HIDPI_IMAGES = YES;
				CURRENT_PROJECT_VERSION = 1;
				DEVELOPMENT_TEAM = "";
				ENABLE_HARDENED_RUNTIME = YES;
				GENERATE_INFOPLIST_FILE = YES;
				INFOPLIST_FILE = Skumring/Info.plist;
				INFOPLIST_KEY_CFBundleDisplayName = Skumring;
				INFOPLIST_KEY_LSApplicationCategoryType = "public.app-category.music";
				INFOPLIST_KEY_NSHumanReadableCopyright = "";
				LD_RUNPATH_SEARCH_PATHS = (
					"$(inherited)",
					"@executable_path/../Frameworks",
				);
				MARKETING_VERSION = 0.1.0;
				PRODUCT_BUNDLE_IDENTIFIER = app.skumring.Skumring;
				PRODUCT_NAME = "$(TARGET_NAME)";
				SWIFT_EMIT_LOC_STRINGS = YES;
				SWIFT_VERSION = 6.0;
			};
			name = Release;
		};
/* End XCBuildConfiguration section */

/* Begin XCConfigurationList section */
		F8A1B2C32D4E5F6700000013 /* Build configuration list for PBXNativeTarget "Skumring" */ = {
			isa = XCConfigurationList;
			buildConfigurations = (
				F8A1B2C32D4E5F670000001A /* Debug */,
				F8A1B2C32D4E5F670000001B /* Release */,
			);
			defaultConfigurationIsVisible = 0;
			defaultConfigurationName = Release;
		};
		F8A1B2C32D4E5F6700000017 /* Build configuration list for PBXProject "Skumring" */ = {
			isa = XCConfigurationList;
			buildConfigurations = (
				F8A1B2C32D4E5F6700000018 /* Debug */,
				F8A1B2C32D4E5F6700000019 /* Release */,
			);
			defaultConfigurationIsVisible = 0;
			defaultConfigurationName = Release;
		};
/* End XCConfigurationList section */

	};
	rootObject = F8A1B2C32D4E5F6700000016 /* Project object */;
}
